Microsoft Visual Studio Solution File, Format Version 12.00
# Visual Studio Version 17
VisualStudioVersion = 17.5.2.0
MinimumVisualStudioVersion = 10.0.40219.1
Project("{FAE04EC0-301F-11D3-BF4B-00C04F79EFBC}") = "blazorWA_app01", "blazorWA_app01.csproj", "{6AC2E012-28A5-7DF1-52CB-1FA2995A4861}"
EndProject
Global
	GlobalSection(SolutionConfigurationPlatforms) = preSolution
		Debug|Any CPU = Debug|Any CPU
		Release|Any CPU = Release|Any CPU
	EndGlobalSection
	GlobalSection(ProjectConfigurationPlatforms) = postSolution
		{6AC2E012-28A5-7DF1-52CB-1FA2995A4861}.Debug|Any CPU.ActiveCfg = Debug|Any CPU
		{6AC2E012-28A5-7DF1-52CB-1FA2995A4861}.Debug|Any CPU.Build.0 = Debug|Any CPU
		{6AC2E012-28A5-7DF1-52CB-1FA2995A4861}.Release|Any CPU.ActiveCfg = Release|Any CPU
		{6AC2E012-28A5-7DF1-52CB-1FA2995A4861}.Release|Any CPU.Build.0 = Release|Any CPU
	EndGlobalSection
	GlobalSection(SolutionProperties) = preSolution
		HideSolutionNode = FALSE
	EndGlobalSection
	GlobalSection(ExtensibilityGlobals) = postSolution
		SolutionGuid = {81F8515B-1005-4504-91AC-A8E73EA568B1}
	EndGlobalSection
EndGlobal
